
Microsoft Visual Studio Solution File, Format Version 12.00
# Visual Studio Version 16
VisualStudioVersion = 16.0.31402.337
MinimumVisualStudioVersion = 10.0.40219.1
Project("{9A19103F-16F7-4668-BE54-9A1E7A4F7556}") = "SingleInheritance", "SingleInheritance\SingleInheritance.csproj", "{42A250F3-DF8F-4EDD-8DB1-FE70F10725EF}"
EndProject
Project("{9A19103F-16F7-4668-BE54-9A1E7A4F7556}") = "MultiplyInheritance", "MultiplyInheritance\MultiplyInheritance.csproj", "{CEA7AB5D-E5C8-415D-B46D-404CEFDDEB0A}"
EndProject
Project("{9A19103F-16F7-4668-BE54-9A1E7A4F7556}") = "HierarchicalInheritance", "HierarchicalInheritance\HierarchicalInheritance.csproj", "{DFB7F381-9030-41DB-972F-62ABB6D20808}"
EndProject
Project("{9A19103F-16F7-4668-BE54-9A1E7A4F7556}") = "RandomList", "RandomList\RandomList.csproj", "{1D8EF6E1-3633-4DDC-AE7D-CF52DEB64371}"
EndProject
Project("{FAE04EC0-301F-11D3-BF4B-00C04F79EFBC}") = "StackOfStrings", "StackOfStrings\StackOfStrings.csproj", "{98AC8D70-234D-4117-8BB2-9D8513DDB912}"
EndProject
Global
	GlobalSection(SolutionConfigurationPlatforms) = preSolution
		Debug|Any CPU = Debug|Any CPU
		Release|Any CPU = Release|Any CPU
	EndGlobalSection
	GlobalSection(ProjectConfigurationPlatforms) = postSolution
		{42A250F3-DF8F-4EDD-8DB1-FE70F10725EF}.Debug|Any CPU.ActiveCfg = Debug|Any CPU
		{42A250F3-DF8F-4EDD-8DB1-FE70F10725EF}.Debug|Any CPU.Build.0 = Debug|Any CPU
		{42A250F3-DF8F-4EDD-8DB1-FE70F10725EF}.Release|Any CPU.ActiveCfg = Release|Any CPU
		{42A250F3-DF8F-4EDD-8DB1-FE70F10725EF}.Release|Any CPU.Build.0 = Release|Any CPU
		{CEA7AB5D-E5C8-415D-B46D-404CEFDDEB0A}.Debug|Any CPU.ActiveCfg = Debug|Any CPU
		{CEA7AB5D-E5C8-415D-B46D-404CEFDDEB0A}.Debug|Any CPU.Build.0 = Debug|Any CPU
		{CEA7AB5D-E5C8-415D-B46D-404CEFDDEB0A}.Release|Any CPU.ActiveCfg = Release|Any CPU
		{CEA7AB5D-E5C8-415D-B46D-404CEFDDEB0A}.Release|Any CPU.Build.0 = Release|Any CPU
		{DFB7F381-9030-41DB-972F-62ABB6D20808}.Debug|Any CPU.ActiveCfg = Debug|Any CPU
		{DFB7F381-9030-41DB-972F-62ABB6D20808}.Debug|Any CPU.Build.0 = Debug|Any CPU
		{DFB7F381-9030-41DB-972F-62ABB6D20808}.Release|Any CPU.ActiveCfg = Release|Any CPU
		{DFB7F381-9030-41DB-972F-62ABB6D20808}.Release|Any CPU.Build.0 = Release|Any CPU
		{1D8EF6E1-3633-4DDC-AE7D-CF52DEB64371}.Debug|Any CPU.ActiveCfg = Debug|Any CPU
		{1D8EF6E1-3633-4DDC-AE7D-CF52DEB64371}.Debug|Any CPU.Build.0 = Debug|Any CPU
		{1D8EF6E1-3633-4DDC-AE7D-CF52DEB64371}.Release|Any CPU.ActiveCfg = Release|Any CPU
		{1D8EF6E1-3633-4DDC-AE7D-CF52DEB64371}.Release|Any CPU.Build.0 = Release|Any CPU
		{98AC8D70-234D-4117-8BB2-9D8513DDB912}.Debug|Any CPU.ActiveCfg = Debug|Any CPU
		{98AC8D70-234D-4117-8BB2-9D8513DDB912}.Debug|Any CPU.Build.0 = Debug|Any CPU
		{98AC8D70-234D-4117-8BB2-9D8513DDB912}.Release|Any CPU.ActiveCfg = Release|Any CPU
		{98AC8D70-234D-4117-8BB2-9D8513DDB912}.Release|Any CPU.Build.0 = Release|Any CPU
	EndGlobalSection
	GlobalSection(SolutionProperties) = preSolution
		HideSolutionNode = FALSE
	EndGlobalSection
	GlobalSection(ExtensibilityGlobals) = postSolution
		SolutionGuid = {58F3B3AA-497E-4DCA-AD6B-05CDF8D56B39}
	EndGlobalSection
EndGlobal
